<?xml version="1.0" encoding="utf-8"?>
<Project ToolsVersion="4.0" xmlns="http://schemas.microsoft.com/developer/msbuild/2003">
  <ItemGroup>
    <Filter Include="Core">
      <UniqueIdentifier>{2EB4837C-1AEB-840D-C3D7-6A10AFED000F}</UniqueIdentifier>
    </Filter>
  </ItemGroup>
  <ItemGroup>
    <ClInclude Include="src\Core\Application.h">
      <Filter>Core</Filter>
    </ClInclude>
    <ClInclude Include="src\Core\Log.h">
      <Filter>Core</Filter>
    </ClInclude>
    <ClInclude Include="src\tpch.h" />
    <ClInclude Include="src\Renderer\SDLRenderer.h" />
    <ClInclude Include="src\Core\Module.h" />
    <ClInclude Include="src\Modules\PlayerModule.h" />
    <ClInclude Include="src\Core\Track.h" />
    <ClInclude Include="src\Core\Artist.h" />
    <ClInclude Include="src\Core\Scene.h" />
    <ClInclude Include="src\Core\Managers\AudioManager.h" />
    <ClInclude Include="src\Core\Managers\NetworkManager.h" />
    <ClInclude Include="src\Scenes\FrontPageScene.h" />
    <ClInclude Include="src\Modules\PopularsModule.h" />
    <ClInclude Include="src\Core\Album.h" />
    <ClInclude Include="src\Core\Managers\SceneManager.h" />
    <ClInclude Include="src\Modules\Modules.h" />
    <ClInclude Include="src\Scenes\Scenes.h" />
    <ClInclude Include="src\Scenes\LoginScene.h" />
    <ClInclude Include="src\Core\Image.h" />
    <ClInclude Include="src\Core\Managers\ImageManager.h" />
    <ClInclude Include="src\Scenes\AlbumScene.h" />
    <ClInclude Include="src\Modules\AlbumModule.h" />
    <ClInclude Include="src\Core\Managers\MessageManager.h" />
    <ClInclude Include="src\Core\HelperFunctions.h" />
    <ClInclude Include="src\Comps\CustomHeader.h" />
    <ClInclude Include="src\Core\Fonts.h" />
    <ClInclude Include="src\Scenes\ArtistScene.h" />
    <ClInclude Include="src\Modules\ArtistModule.h" />
    <ClInclude Include="src\Modules\SearchModule.h" />
    <ClInclude Include="src\Core\Managers\AuthManager.h" />
    <ClInclude Include="src\Modules\LoginModule.h" />
    <ClInclude Include="src\Modules\ProfileModule.h" />
    <ClInclude Include="src\Scenes\ProfileScene.h" />
    <ClInclude Include="src\Core\User.h" />
    <ClInclude Include="src\Core\Playlist.h" />
  </ItemGroup>
  <ItemGroup>
    <ClCompile Include="src\Core\Application.cpp">
      <Filter>Core</Filter>
    </ClCompile>
    <ClCompile Include="src\Core\Log.cpp">
      <Filter>Core</Filter>
    </ClCompile>
    <ClCompile Include="src\Main.cpp" />
    <ClCompile Include="src\tpch.cpp" />
    <ClCompile Include="src\Renderer\SDLRenderer.cpp" />
    <ClCompile Include="src\Core\Module.cpp" />
    <ClCompile Include="src\Modules\PlayerModule.cpp" />
    <ClCompile Include="src\Core\Scene.cpp" />
    <ClCompile Include="src\Core\Managers\AudioManager.cpp" />
    <ClCompile Include="src\Core\Managers\NetworkManager.cpp" />
    <ClCompile Include="src\Scenes\FrontPageScene.cpp" />
    <ClCompile Include="src\Modules\PopularsModule.cpp" />
    <ClCompile Include="src\Core\Album.cpp" />
    <ClCompile Include="src\Core\Managers\SceneManager.cpp" />
    <ClCompile Include="src\Scenes\LoginScene.cpp" />
    <ClCompile Include="src\Core\Managers\ImageManager.cpp" />
    <ClCompile Include="src\Scenes\AlbumScene.cpp" />
    <ClCompile Include="src\Modules\AlbumModule.cpp" />
    <ClCompile Include="src\Core\Managers\MessageManager.cpp" />
    <ClCompile Include="src\Core\HelperFunctions.cpp" />
    <ClCompile Include="src\Comps\CustomHeader.cpp" />
    <ClCompile Include="src\Core\Fonts.cpp" />
    <ClCompile Include="src\Scenes\ArtistScene.cpp" />
    <ClCompile Include="src\Modules\ArtistModule.cpp" />
    <ClCompile Include="src\Modules\SearchModule.cpp" />
    <ClCompile Include="src\Core\Managers\AuthManager.cpp" />
    <ClCompile Include="src\Modules\LoginModule.cpp" />
    <ClCompile Include="src\Modules\ProfileModule.cpp" />
    <ClCompile Include="src\Scenes\ProfileScene.cpp" />
    <ClCompile Include="src\Core\User.cpp" />
    <ClCompile Include="src\Core\Playlist.cpp" />
  </ItemGroup>
</Project>